
Microsoft Visual Studio Solution File, Format Version 12.00
# Visual Studio Version 17
VisualStudioVersion = 17.7.34031.279
MinimumVisualStudioVersion = 10.0.40219.1
Project("{FAE04EC0-301F-11D3-BF4B-00C04F79EFBC}") = "MyCRUD", "MyCRUD\MyCRUD.csproj", "{3BE70238-9446-40C8-B7D6-E67B721ECE94}"
EndProject
Global
	GlobalSection(SolutionConfigurationPlatforms) = preSolution
		Debug|Any CPU = Debug|Any CPU
		Release|Any CPU = Release|Any CPU
	EndGlobalSection
	GlobalSection(ProjectConfigurationPlatforms) = postSolution
		{3BE70238-9446-40C8-B7D6-E67B721ECE94}.Debug|Any CPU.ActiveCfg = Debug|Any CPU
		{3BE70238-9446-40C8-B7D6-E67B721ECE94}.Debug|Any CPU.Build.0 = Debug|Any CPU
		{3BE70238-9446-40C8-B7D6-E67B721ECE94}.Release|Any CPU.ActiveCfg = Release|Any CPU
		{3BE70238-9446-40C8-B7D6-E67B721ECE94}.Release|Any CPU.Build.0 = Release|Any CPU
	EndGlobalSection
	GlobalSection(SolutionProperties) = preSolution
		HideSolutionNode = FALSE
	EndGlobalSection
	GlobalSection(ExtensibilityGlobals) = postSolution
		SolutionGuid = {9635EACE-7D57-4366-9D4A-3DA4D93C7865}
	EndGlobalSection
EndGlobal
